{
  "version": 4,
  "terraform_version": "1.8.2",
  "serial": 372,
  "lineage": "a271ecf6-8f05-cae9-7402-f7678827de00",
  "outputs": {
    "public_ip": {
      "value": "13.201.11.40",
      "type": "string"
    }
  },
  "resources": [
    {
      "mode": "managed",
      "type": "aws_instance",
      "name": "private_instance",
      "provider": "provider[\"registry.terraform.io/hashicorp/aws\"]",
      "instances": [
        {
          "schema_version": 1,
          "attributes": {
            "ami": "ami-01376101673c89611",
            "arn": "arn:aws:ec2:ap-south-1:339712961933:instance/i-0ec9afa684cf54b28",
            "associate_public_ip_address": false,
            "availability_zone": "ap-south-1b",
            "capacity_reservation_specification": [
              {
                "capacity_reservation_preference": "open",
                "capacity_reservation_target": []
              }
            ],
            "cpu_core_count": 1,
            "cpu_options": [
              {
                "amd_sev_snp": "",
                "core_count": 1,
                "threads_per_core": 1
              }
            ],
            "cpu_threads_per_core": 1,
            "credit_specification": [
              {
                "cpu_credits": "standard"
              }
            ],
            "disable_api_stop": false,
            "disable_api_termination": false,
            "ebs_block_device": [],
            "ebs_optimized": false,
            "enclave_options": [
              {
                "enabled": false
              }
            ],
            "ephemeral_block_device": [],
            "get_password_data": false,
            "hibernation": false,
            "host_id": "",
            "host_resource_group_arn": null,
            "iam_instance_profile": "",
            "id": "i-0ec9afa684cf54b28",
            "instance_initiated_shutdown_behavior": "stop",
            "instance_lifecycle": "",
            "instance_market_options": [],
            "instance_state": "running",
            "instance_type": "t2.micro",
            "ipv6_address_count": 0,
            "ipv6_addresses": [],
            "key_name": "ssh_key_pair",
            "launch_template": [],
            "maintenance_options": [
              {
                "auto_recovery": "default"
              }
            ],
            "metadata_options": [
              {
                "http_endpoint": "enabled",
                "http_protocol_ipv6": "disabled",
                "http_put_response_hop_limit": 2,
                "http_tokens": "required",
                "instance_metadata_tags": "disabled"
              }
            ],
            "monitoring": false,
            "network_interface": [],
            "outpost_arn": "",
            "password_data": "",
            "placement_group": "",
            "placement_partition_number": 0,
            "primary_network_interface_id": "eni-09343cb6a6e71233e",
            "private_dns": "ip-10-0-2-211.ap-south-1.compute.internal",
            "private_dns_name_options": [
              {
                "enable_resource_name_dns_a_record": false,
                "enable_resource_name_dns_aaaa_record": false,
                "hostname_type": "ip-name"
              }
            ],
            "private_ip": "10.0.2.211",
            "public_dns": "",
            "public_ip": "",
            "root_block_device": [
              {
                "delete_on_termination": true,
                "device_name": "/dev/xvda",
                "encrypted": false,
                "iops": 3000,
                "kms_key_id": "",
                "tags": {},
                "tags_all": {},
                "throughput": 125,
                "volume_id": "vol-095a91ec067a835bd",
                "volume_size": 8,
                "volume_type": "gp3"
              }
            ],
            "secondary_private_ips": [],
            "security_groups": [],
            "source_dest_check": true,
            "spot_instance_request_id": "",
            "subnet_id": "subnet-09ab7680cf19fe6d9",
            "tags": {
              "Name": "PrivateInstance"
            },
            "tags_all": {
              "Name": "PrivateInstance"
            },
            "tenancy": "default",
            "timeouts": null,
            "user_data": null,
            "user_data_base64": null,
            "user_data_replace_on_change": false,
            "volume_tags": null,
            "vpc_security_group_ids": [
              "sg-0bc25fa01d54317b1"
            ]
          },
          "sensitive_attributes": [],
          "private": "eyJlMmJmYjczMC1lY2FhLTExZTYtOGY4OC0zNDM2M2JjN2M0YzAiOnsiY3JlYXRlIjo2MDAwMDAwMDAwMDAsImRlbGV0ZSI6MTIwMDAwMDAwMDAwMCwicmVhZCI6OTAwMDAwMDAwMDAwLCJ1cGRhdGUiOjYwMDAwMDAwMDAwMH0sInNjaGVtYV92ZXJzaW9uIjoiMSJ9",
          "dependencies": [
            "aws_key_pair.ssh_key_pair",
            "aws_security_group.allow_tls",
            "aws_subnet.private_subnet",
            "aws_vpc.myvpc",
            "tls_private_key.ssh_key"
          ]
        }
      ]
    },
    {
      "mode": "managed",
      "type": "aws_instance",
      "name": "public_instance",
      "provider": "provider[\"registry.terraform.io/hashicorp/aws\"]",
      "instances": [
        {
          "schema_version": 1,
          "attributes": {
            "ami": "ami-01376101673c89611",
            "arn": "arn:aws:ec2:ap-south-1:339712961933:instance/i-0574049599b70a795",
            "associate_public_ip_address": true,
            "availability_zone": "ap-south-1a",
            "capacity_reservation_specification": [
              {
                "capacity_reservation_preference": "open",
                "capacity_reservation_target": []
              }
            ],
            "cpu_core_count": 1,
            "cpu_options": [
              {
                "amd_sev_snp": "",
                "core_count": 1,
                "threads_per_core": 1
              }
            ],
            "cpu_threads_per_core": 1,
            "credit_specification": [
              {
                "cpu_credits": "standard"
              }
            ],
            "disable_api_stop": false,
            "disable_api_termination": false,
            "ebs_block_device": [],
            "ebs_optimized": false,
            "enclave_options": [
              {
                "enabled": false
              }
            ],
            "ephemeral_block_device": [],
            "get_password_data": false,
            "hibernation": false,
            "host_id": "",
            "host_resource_group_arn": null,
            "iam_instance_profile": "",
            "id": "i-0574049599b70a795",
            "instance_initiated_shutdown_behavior": "stop",
            "instance_lifecycle": "",
            "instance_market_options": [],
            "instance_state": "running",
            "instance_type": "t2.micro",
            "ipv6_address_count": 0,
            "ipv6_addresses": [],
            "key_name": "ssh_key_pair",
            "launch_template": [],
            "maintenance_options": [
              {
                "auto_recovery": "default"
              }
            ],
            "metadata_options": [
              {
                "http_endpoint": "enabled",
                "http_protocol_ipv6": "disabled",
                "http_put_response_hop_limit": 2,
                "http_tokens": "required",
                "instance_metadata_tags": "disabled"
              }
            ],
            "monitoring": false,
            "network_interface": [],
            "outpost_arn": "",
            "password_data": "",
            "placement_group": "",
            "placement_partition_number": 0,
            "primary_network_interface_id": "eni-0c429145ec74a252f",
            "private_dns": "ip-10-0-1-245.ap-south-1.compute.internal",
            "private_dns_name_options": [
              {
                "enable_resource_name_dns_a_record": false,
                "enable_resource_name_dns_aaaa_record": false,
                "hostname_type": "ip-name"
              }
            ],
            "private_ip": "10.0.1.245",
            "public_dns": "",
            "public_ip": "13.201.11.40",
            "root_block_device": [
              {
                "delete_on_termination": true,
                "device_name": "/dev/xvda",
                "encrypted": false,
                "iops": 3000,
                "kms_key_id": "",
                "tags": {},
                "tags_all": {},
                "throughput": 125,
                "volume_id": "vol-067f9443046ec4e46",
                "volume_size": 8,
                "volume_type": "gp3"
              }
            ],
            "secondary_private_ips": [],
            "security_groups": [],
            "source_dest_check": true,
            "spot_instance_request_id": "",
            "subnet_id": "subnet-0045f752ddfae2c0f",
            "tags": {
              "Name": "PublicInstance"
            },
            "tags_all": {
              "Name": "PublicInstance"
            },
            "tenancy": "default",
            "timeouts": null,
            "user_data": "e9ce3f2ffa66ce3b00108596127b138cd588c7c0",
            "user_data_base64": null,
            "user_data_replace_on_change": false,
            "volume_tags": null,
            "vpc_security_group_ids": [
              "sg-0bc25fa01d54317b1"
            ]
          },
          "sensitive_attributes": [],
          "private": "eyJlMmJmYjczMC1lY2FhLTExZTYtOGY4OC0zNDM2M2JjN2M0YzAiOnsiY3JlYXRlIjo2MDAwMDAwMDAwMDAsImRlbGV0ZSI6MTIwMDAwMDAwMDAwMCwicmVhZCI6OTAwMDAwMDAwMDAwLCJ1cGRhdGUiOjYwMDAwMDAwMDAwMH0sInNjaGVtYV92ZXJzaW9uIjoiMSJ9",
          "dependencies": [
            "aws_key_pair.ssh_key_pair",
            "aws_security_group.allow_tls",
            "aws_subnet.public_subnet",
            "aws_vpc.myvpc",
            "tls_private_key.ssh_key"
          ]
        }
      ]
    },
    {
      "mode": "managed",
      "type": "aws_internet_gateway",
      "name": "igw",
      "provider": "provider[\"registry.terraform.io/hashicorp/aws\"]",
      "instances": [
        {
          "schema_version": 0,
          "attributes": {
            "arn": "arn:aws:ec2:ap-south-1:339712961933:internet-gateway/igw-00f54dd910277dec4",
            "id": "igw-00f54dd910277dec4",
            "owner_id": "339712961933",
            "tags": null,
            "tags_all": {},
            "timeouts": null,
            "vpc_id": "vpc-05121007d285ecc73"
          },
          "sensitive_attributes": [],
          "private": "eyJlMmJmYjczMC1lY2FhLTExZTYtOGY4OC0zNDM2M2JjN2M0YzAiOnsiY3JlYXRlIjoxMjAwMDAwMDAwMDAwLCJkZWxldGUiOjEyMDAwMDAwMDAwMDAsInVwZGF0ZSI6MTIwMDAwMDAwMDAwMH19",
          "dependencies": [
            "aws_vpc.myvpc"
          ]
        }
      ]
    },
    {
      "mode": "managed",
      "type": "aws_key_pair",
      "name": "ssh_key_pair",
      "provider": "provider[\"registry.terraform.io/hashicorp/aws\"]",
      "instances": [
        {
          "schema_version": 1,
          "attributes": {
            "arn": "arn:aws:ec2:ap-south-1:339712961933:key-pair/ssh_key_pair",
            "fingerprint": "3f:53:e0:a3:0d:ce:0c:cc:1c:52:5f:05:5b:b3:35:7c",
            "id": "ssh_key_pair",
            "key_name": "ssh_key_pair",
            "key_name_prefix": "",
            "key_pair_id": "key-03c39c629c9d15e6b",
            "key_type": "rsa",
            "public_key": "ssh-rsa AAAAB3NzaC1yc2EAAAADAQABAAABAQD3Mcxl7m0WBzx6ihoyQwRYFukDXxq69oQhb8+V8fCcY4i2+VEzZUk1NHYLG0r62Fo8YrwkskS64gKJvNB3rAGx7H3eCLrJfbTcfmdCdZfyK07aCBmJU8gNsLqRBwB8pjgJefqR37eWDJdADITN4l7RanD/qjsuYI914PavShzqOW7zClRUqzF6bEkNUFU914s8gkrzJFHnUJORgr+T8Utmtm8M1FT2trA9DWtV98nng16pOQGuwYnhN+PYmEUB37Dkwt4cAXyehphnIH7DyOfVk5vzgFf+3ls267cPi1jbDP7ga2Ny8PJD6alDnGb8XwpsjzdpJm6034a/JHstRFer",
            "tags": null,
            "tags_all": {}
          },
          "sensitive_attributes": [],
          "private": "eyJzY2hlbWFfdmVyc2lvbiI6IjEifQ==",
          "dependencies": [
            "tls_private_key.ssh_key"
          ]
        }
      ]
    },
    {
      "mode": "managed",
      "type": "aws_route_table",
      "name": "RT",
      "provider": "provider[\"registry.terraform.io/hashicorp/aws\"]",
      "instances": [
        {
          "schema_version": 0,
          "attributes": {
            "arn": "arn:aws:ec2:ap-south-1:339712961933:route-table/rtb-05a6e1bc86f5d1806",
            "id": "rtb-05a6e1bc86f5d1806",
            "owner_id": "339712961933",
            "propagating_vgws": [],
            "route": [
              {
                "carrier_gateway_id": "",
                "cidr_block": "0.0.0.0/0",
                "core_network_arn": "",
                "destination_prefix_list_id": "",
                "egress_only_gateway_id": "",
                "gateway_id": "igw-00f54dd910277dec4",
                "ipv6_cidr_block": "",
                "local_gateway_id": "",
                "nat_gateway_id": "",
                "network_interface_id": "",
                "transit_gateway_id": "",
                "vpc_endpoint_id": "",
                "vpc_peering_connection_id": ""
              }
            ],
            "tags": null,
            "tags_all": {},
            "timeouts": null,
            "vpc_id": "vpc-05121007d285ecc73"
          },
          "sensitive_attributes": [],
          "private": "eyJlMmJmYjczMC1lY2FhLTExZTYtOGY4OC0zNDM2M2JjN2M0YzAiOnsiY3JlYXRlIjozMDAwMDAwMDAwMDAsImRlbGV0ZSI6MzAwMDAwMDAwMDAwLCJ1cGRhdGUiOjEyMDAwMDAwMDAwMH19",
          "dependencies": [
            "aws_internet_gateway.igw",
            "aws_vpc.myvpc"
          ]
        }
      ]
    },
    {
      "mode": "managed",
      "type": "aws_route_table_association",
      "name": "rta1",
      "provider": "provider[\"registry.terraform.io/hashicorp/aws\"]",
      "instances": [
        {
          "schema_version": 0,
          "attributes": {
            "gateway_id": "",
            "id": "rtbassoc-0a0a326d9e74103cd",
            "route_table_id": "rtb-05a6e1bc86f5d1806",
            "subnet_id": "subnet-0045f752ddfae2c0f",
            "timeouts": null
          },
          "sensitive_attributes": [],
          "private": "eyJlMmJmYjczMC1lY2FhLTExZTYtOGY4OC0zNDM2M2JjN2M0YzAiOnsiY3JlYXRlIjozMDAwMDAwMDAwMDAsImRlbGV0ZSI6MzAwMDAwMDAwMDAwLCJ1cGRhdGUiOjEyMDAwMDAwMDAwMH19",
          "dependencies": [
            "aws_internet_gateway.igw",
            "aws_route_table.RT",
            "aws_subnet.public_subnet",
            "aws_vpc.myvpc"
          ]
        }
      ]
    },
    {
      "mode": "managed",
      "type": "aws_route_table_association",
      "name": "rta2",
      "provider": "provider[\"registry.terraform.io/hashicorp/aws\"]",
      "instances": [
        {
          "schema_version": 0,
          "attributes": {
            "gateway_id": "",
            "id": "rtbassoc-097f1e913a5ee2a93",
            "route_table_id": "rtb-05a6e1bc86f5d1806",
            "subnet_id": "subnet-09ab7680cf19fe6d9",
            "timeouts": null
          },
          "sensitive_attributes": [],
          "private": "eyJlMmJmYjczMC1lY2FhLTExZTYtOGY4OC0zNDM2M2JjN2M0YzAiOnsiY3JlYXRlIjozMDAwMDAwMDAwMDAsImRlbGV0ZSI6MzAwMDAwMDAwMDAwLCJ1cGRhdGUiOjEyMDAwMDAwMDAwMH19",
          "dependencies": [
            "aws_internet_gateway.igw",
            "aws_route_table.RT",
            "aws_subnet.private_subnet",
            "aws_vpc.myvpc"
          ]
        }
      ]
    },
    {
      "mode": "managed",
      "type": "aws_security_group",
      "name": "allow_tls",
      "provider": "provider[\"registry.terraform.io/hashicorp/aws\"]",
      "instances": [
        {
          "schema_version": 1,
          "attributes": {
            "arn": "arn:aws:ec2:ap-south-1:339712961933:security-group/sg-0bc25fa01d54317b1",
            "description": "Allow HTTP, HTTPS, and SSH",
            "egress": [
              {
                "cidr_blocks": [
                  "0.0.0.0/0"
                ],
                "description": "",
                "from_port": 0,
                "ipv6_cidr_blocks": [
                  "::/0"
                ],
                "prefix_list_ids": [],
                "protocol": "-1",
                "security_groups": [],
                "self": false,
                "to_port": 0
              }
            ],
            "id": "sg-0bc25fa01d54317b1",
            "ingress": [
              {
                "cidr_blocks": [
                  "0.0.0.0/0"
                ],
                "description": "",
                "from_port": 22,
                "ipv6_cidr_blocks": [],
                "prefix_list_ids": [],
                "protocol": "tcp",
                "security_groups": [],
                "self": false,
                "to_port": 22
              },
              {
                "cidr_blocks": [
                  "0.0.0.0/0"
                ],
                "description": "",
                "from_port": 443,
                "ipv6_cidr_blocks": [],
                "prefix_list_ids": [],
                "protocol": "tcp",
                "security_groups": [],
                "self": false,
                "to_port": 443
              },
              {
                "cidr_blocks": [
                  "0.0.0.0/0"
                ],
                "description": "",
                "from_port": 80,
                "ipv6_cidr_blocks": [],
                "prefix_list_ids": [],
                "protocol": "tcp",
                "security_groups": [],
                "self": false,
                "to_port": 80
              }
            ],
            "name": "allow_tls",
            "name_prefix": "",
            "owner_id": "339712961933",
            "revoke_rules_on_delete": false,
            "tags": null,
            "tags_all": {},
            "timeouts": null,
            "vpc_id": "vpc-05121007d285ecc73"
          },
          "sensitive_attributes": [],
          "private": "eyJlMmJmYjczMC1lY2FhLTExZTYtOGY4OC0zNDM2M2JjN2M0YzAiOnsiY3JlYXRlIjo2MDAwMDAwMDAwMDAsImRlbGV0ZSI6OTAwMDAwMDAwMDAwfSwic2NoZW1hX3ZlcnNpb24iOiIxIn0=",
          "dependencies": [
            "aws_vpc.myvpc"
          ]
        }
      ]
    },
    {
      "mode": "managed",
      "type": "aws_subnet",
      "name": "private_subnet",
      "provider": "provider[\"registry.terraform.io/hashicorp/aws\"]",
      "instances": [
        {
          "schema_version": 1,
          "attributes": {
            "arn": "arn:aws:ec2:ap-south-1:339712961933:subnet/subnet-09ab7680cf19fe6d9",
            "assign_ipv6_address_on_creation": false,
            "availability_zone": "ap-south-1b",
            "availability_zone_id": "aps1-az3",
            "cidr_block": "10.0.2.0/24",
            "customer_owned_ipv4_pool": "",
            "enable_dns64": false,
            "enable_lni_at_device_index": 0,
            "enable_resource_name_dns_a_record_on_launch": false,
            "enable_resource_name_dns_aaaa_record_on_launch": false,
            "id": "subnet-09ab7680cf19fe6d9",
            "ipv6_cidr_block": "",
            "ipv6_cidr_block_association_id": "",
            "ipv6_native": false,
            "map_customer_owned_ip_on_launch": false,
            "map_public_ip_on_launch": false,
            "outpost_arn": "",
            "owner_id": "339712961933",
            "private_dns_hostname_type_on_launch": "ip-name",
            "tags": null,
            "tags_all": {},
            "timeouts": null,
            "vpc_id": "vpc-05121007d285ecc73"
          },
          "sensitive_attributes": [],
          "private": "eyJlMmJmYjczMC1lY2FhLTExZTYtOGY4OC0zNDM2M2JjN2M0YzAiOnsiY3JlYXRlIjo2MDAwMDAwMDAwMDAsImRlbGV0ZSI6MTIwMDAwMDAwMDAwMH0sInNjaGVtYV92ZXJzaW9uIjoiMSJ9",
          "dependencies": [
            "aws_vpc.myvpc"
          ]
        }
      ]
    },
    {
      "mode": "managed",
      "type": "aws_subnet",
      "name": "public_subnet",
      "provider": "provider[\"registry.terraform.io/hashicorp/aws\"]",
      "instances": [
        {
          "schema_version": 1,
          "attributes": {
            "arn": "arn:aws:ec2:ap-south-1:339712961933:subnet/subnet-0045f752ddfae2c0f",
            "assign_ipv6_address_on_creation": false,
            "availability_zone": "ap-south-1a",
            "availability_zone_id": "aps1-az1",
            "cidr_block": "10.0.1.0/24",
            "customer_owned_ipv4_pool": "",
            "enable_dns64": false,
            "enable_lni_at_device_index": 0,
            "enable_resource_name_dns_a_record_on_launch": false,
            "enable_resource_name_dns_aaaa_record_on_launch": false,
            "id": "subnet-0045f752ddfae2c0f",
            "ipv6_cidr_block": "",
            "ipv6_cidr_block_association_id": "",
            "ipv6_native": false,
            "map_customer_owned_ip_on_launch": false,
            "map_public_ip_on_launch": true,
            "outpost_arn": "",
            "owner_id": "339712961933",
            "private_dns_hostname_type_on_launch": "ip-name",
            "tags": null,
            "tags_all": {},
            "timeouts": null,
            "vpc_id": "vpc-05121007d285ecc73"
          },
          "sensitive_attributes": [],
          "private": "eyJlMmJmYjczMC1lY2FhLTExZTYtOGY4OC0zNDM2M2JjN2M0YzAiOnsiY3JlYXRlIjo2MDAwMDAwMDAwMDAsImRlbGV0ZSI6MTIwMDAwMDAwMDAwMH0sInNjaGVtYV92ZXJzaW9uIjoiMSJ9",
          "dependencies": [
            "aws_vpc.myvpc"
          ]
        }
      ]
    },
    {
      "mode": "managed",
      "type": "aws_vpc",
      "name": "myvpc",
      "provider": "provider[\"registry.terraform.io/hashicorp/aws\"]",
      "instances": [
        {
          "schema_version": 1,
          "attributes": {
            "arn": "arn:aws:ec2:ap-south-1:339712961933:vpc/vpc-05121007d285ecc73",
            "assign_generated_ipv6_cidr_block": false,
            "cidr_block": "10.0.0.0/16",
            "default_network_acl_id": "acl-02fd991f5ecb95367",
            "default_route_table_id": "rtb-03639e5e7c23eab66",
            "default_security_group_id": "sg-05783021fca429302",
            "dhcp_options_id": "dopt-02fa95c79bacd3c6f",
            "enable_dns_hostnames": false,
            "enable_dns_support": true,
            "enable_network_address_usage_metrics": false,
            "id": "vpc-05121007d285ecc73",
            "instance_tenancy": "default",
            "ipv4_ipam_pool_id": null,
            "ipv4_netmask_length": null,
            "ipv6_association_id": "",
            "ipv6_cidr_block": "",
            "ipv6_cidr_block_network_border_group": "",
            "ipv6_ipam_pool_id": "",
            "ipv6_netmask_length": 0,
            "main_route_table_id": "rtb-03639e5e7c23eab66",
            "owner_id": "339712961933",
            "tags": null,
            "tags_all": {}
          },
          "sensitive_attributes": [],
          "private": "eyJzY2hlbWFfdmVyc2lvbiI6IjEifQ=="
        }
      ]
    },
    {
      "mode": "managed",
      "type": "tls_private_key",
      "name": "ssh_key",
      "provider": "provider[\"registry.terraform.io/hashicorp/tls\"]",
      "instances": [
        {
          "schema_version": 1,
          "attributes": {
            "algorithm": "RSA",
            "ecdsa_curve": "P224",
            "id": "42a06827f03bd49669406edb7d786432c8a9a4da",
            "private_key_openssh": "-----BEGIN OPENSSH PRIVATE KEY-----\nb3BlbnNzaC1rZXktdjEAAAAABG5vbmUAAAAEbm9uZQAAAAAAAAABAAABFwAAAAdz\nc2gtcnNhAAAAAwEAAQAAAQEA9zHMZe5tFgc8eooaMkMEWBbpA18auvaEIW/PlfHw\nnGOItvlRM2VJNTR2CxtK+thaPGK8JLJEuuICibzQd6wBsex93gi6yX203H5nQnWX\n8itO2ggZiVPIDbC6kQcAfKY4CXn6kd+3lgyXQAyEzeJe0Wpw/6o7LmCPdeD2r0oc\n6jlu8wpUVKsxemxJDVBVPdeLPIJK8yRR51CTkYK/k/FLZrZvDNRU9rawPQ1rVffJ\n54NeqTkBrsGJ4Tfj2JhFAd+w5MLeHAF8noaYZyB+w8jn1ZOb84BX/t5bNuu3D4tY\n2wz+4GtjcvDyQ+mpQ5xm/F8KbI83aSZutN+GvyR7LURXqwAAA7gCOpl5AjqZeQAA\nAAdzc2gtcnNhAAABAQD3Mcxl7m0WBzx6ihoyQwRYFukDXxq69oQhb8+V8fCcY4i2\n+VEzZUk1NHYLG0r62Fo8YrwkskS64gKJvNB3rAGx7H3eCLrJfbTcfmdCdZfyK07a\nCBmJU8gNsLqRBwB8pjgJefqR37eWDJdADITN4l7RanD/qjsuYI914PavShzqOW7z\nClRUqzF6bEkNUFU914s8gkrzJFHnUJORgr+T8Utmtm8M1FT2trA9DWtV98nng16p\nOQGuwYnhN+PYmEUB37Dkwt4cAXyehphnIH7DyOfVk5vzgFf+3ls267cPi1jbDP7g\na2Ny8PJD6alDnGb8XwpsjzdpJm6034a/JHstRFerAAAAAwEAAQAAAQEA4jgonn/8\nRNSKfHo2TxkVuKf+xp8aj09azF7O0qJ/WB+e1hSEQ0zGGnLQNIndrIKi0fBpzgt2\n6rA7MmIhReOcCYAsEC5dAliQU9k6FpAXZgBMQSx4cjzCMAU0N9T4lRpo3gNLVIQw\nNpl/MZZDU0d/DpciolbfoimsIGyoVPK2U4I/m9BFFW92D8z0IT+Wn5gpygGtu8Yx\nk2snjHybeU/+C4eaSduwEewCONg1EopDugtNAo2WNuYwM/srYDy4f1gNu944+qTp\nwwk5d2UrgoMqKw4yiEH9BF1Q4rB5LRXo94tMHTGfG2MsLqZTzfFh66SVhEyU2PcA\nPlao//Rk4ic9QQAAAIEA7MGWFRPvRlToxG/ItTCFTnTHkcweE+5WxavUcf2oUPJV\nVVgKIPIdGMr6dL4K4ZqMXkYUZ+WKAgJpEoAoqUaPuJWfAKl8lHXdRSftC87Uvga2\neQLNVU3loNRFrCKyHRShPSi4LG42fxq8ts/Zb5r/ANKsZ2h27om35Kh8U5QjeEUA\nAACBAP231NKJsH3Ty3n2uhuc2PcydJMP6cQbRviQyPWGvBmg4sTPjSYlFjTfAUOA\n5Ju3vrOHBXjQI2BCzYa5+G7iO0y9y+1YVqNtEe3P8kfAve0/F5HDwrOOYDj+sjFE\n5DXe8S+uuNvSQMTIys8LPee9ps182hoZwxWN+gK/jjj6o+SHAAAAgQD5avJwQEn5\n5Pe6+7s9siQzzcTzwhbhsHXw88zpaEwTXe10jdbmO4iPssF8KeYdIPya9QOFTJYk\nUReg2ku6r6v7/LU4kl485xIiEXd7YCIcTGsLfZxcU/hSxtEVqc6v65jxRU6zJMsN\nnTBBxREWHn3F/6Upt0fsTXzBZo0e5V5gvQAAAAAB\n-----END OPENSSH PRIVATE KEY-----\n",
            "private_key_pem": "-----BEGIN RSA PRIVATE KEY-----\nMIIEpQIBAAKCAQEA9zHMZe5tFgc8eooaMkMEWBbpA18auvaEIW/PlfHwnGOItvlR\nM2VJNTR2CxtK+thaPGK8JLJEuuICibzQd6wBsex93gi6yX203H5nQnWX8itO2ggZ\niVPIDbC6kQcAfKY4CXn6kd+3lgyXQAyEzeJe0Wpw/6o7LmCPdeD2r0oc6jlu8wpU\nVKsxemxJDVBVPdeLPIJK8yRR51CTkYK/k/FLZrZvDNRU9rawPQ1rVffJ54NeqTkB\nrsGJ4Tfj2JhFAd+w5MLeHAF8noaYZyB+w8jn1ZOb84BX/t5bNuu3D4tY2wz+4Gtj\ncvDyQ+mpQ5xm/F8KbI83aSZutN+GvyR7LURXqwIDAQABAoIBAQDiOCief/xE1Ip8\nejZPGRW4p/7GnxqPT1rMXs7Son9YH57WFIRDTMYactA0id2sgqLR8GnOC3bqsDsy\nYiFF45wJgCwQLl0CWJBT2ToWkBdmAExBLHhyPMIwBTQ31PiVGmjeA0tUhDA2mX8x\nlkNTR38OlyKiVt+iKawgbKhU8rZTgj+b0EUVb3YPzPQhP5afmCnKAa27xjGTayeM\nfJt5T/4Lh5pJ27AR7AI42DUSikO6C00CjZY25jAz+ytgPLh/WA273jj6pOnDCTl3\nZSuCgyorDjKIQf0EXVDisHktFej3i0wdMZ8bYywuplPN8WHrpJWETJTY9wA+Vqj/\n9GTiJz1BAoGBAP231NKJsH3Ty3n2uhuc2PcydJMP6cQbRviQyPWGvBmg4sTPjSYl\nFjTfAUOA5Ju3vrOHBXjQI2BCzYa5+G7iO0y9y+1YVqNtEe3P8kfAve0/F5HDwrOO\nYDj+sjFE5DXe8S+uuNvSQMTIys8LPee9ps182hoZwxWN+gK/jjj6o+SHAoGBAPlq\n8nBASfnk97r7uz2yJDPNxPPCFuGwdfDzzOloTBNd7XSN1uY7iI+ywXwp5h0g/Jr1\nA4VMliRRF6DaS7qvq/v8tTiSXjznEiIRd3tgIhxMawt9nFxT+FLG0RWpzq/rmPFF\nTrMkyw2dMEHFERYefcX/pSm3R+xNfMFmjR7lXmC9AoGAYo6wm4BlENvfJOeU7/kD\nxzLQWfhKhKVb8l670bSfCQ2YSX+egvzRHYSrRv+gzmSYLcD7fSzNMS2CDR3cxaYY\nBv2LZA12ylEqL8khgoH6xVhG3Za/4WQjOMCnk8ABLnQGGNG0eZ+5DTg6oCbry0O+\nsgAX8R+kypC2V671nmiula0CgYEA2yKnlxAk7rXJIjOBsxcMz6b+X9wrFmdfeC/7\n3SaRkIJ52mm0Ydv0g6xeaqS1VOpihhK24SsEzyugQucImiE2TdMdtXKD8aZjPCN0\ngqVX0t0hP5tBAa2VA8VCdnIW8mFgorpuBt9Qt8lfWKm39WMcxhVyG1C4lFkQPyvG\n2VpUrVECgYEA7MGWFRPvRlToxG/ItTCFTnTHkcweE+5WxavUcf2oUPJVVVgKIPId\nGMr6dL4K4ZqMXkYUZ+WKAgJpEoAoqUaPuJWfAKl8lHXdRSftC87Uvga2eQLNVU3l\noNRFrCKyHRShPSi4LG42fxq8ts/Zb5r/ANKsZ2h27om35Kh8U5QjeEU=\n-----END RSA PRIVATE KEY-----\n",
            "private_key_pem_pkcs8": "-----BEGIN PRIVATE KEY-----\nMIIEvwIBADANBgkqhkiG9w0BAQEFAASCBKkwggSlAgEAAoIBAQD3Mcxl7m0WBzx6\nihoyQwRYFukDXxq69oQhb8+V8fCcY4i2+VEzZUk1NHYLG0r62Fo8YrwkskS64gKJ\nvNB3rAGx7H3eCLrJfbTcfmdCdZfyK07aCBmJU8gNsLqRBwB8pjgJefqR37eWDJdA\nDITN4l7RanD/qjsuYI914PavShzqOW7zClRUqzF6bEkNUFU914s8gkrzJFHnUJOR\ngr+T8Utmtm8M1FT2trA9DWtV98nng16pOQGuwYnhN+PYmEUB37Dkwt4cAXyehphn\nIH7DyOfVk5vzgFf+3ls267cPi1jbDP7ga2Ny8PJD6alDnGb8XwpsjzdpJm6034a/\nJHstRFerAgMBAAECggEBAOI4KJ5//ETUinx6Nk8ZFbin/safGo9PWsxeztKif1gf\nntYUhENMxhpy0DSJ3ayCotHwac4LduqwOzJiIUXjnAmALBAuXQJYkFPZOhaQF2YA\nTEEseHI8wjAFNDfU+JUaaN4DS1SEMDaZfzGWQ1NHfw6XIqJW36IprCBsqFTytlOC\nP5vQRRVvdg/M9CE/lp+YKcoBrbvGMZNrJ4x8m3lP/guHmknbsBHsAjjYNRKKQ7oL\nTQKNljbmMDP7K2A8uH9YDbveOPqk6cMJOXdlK4KDKisOMohB/QRdUOKweS0V6PeL\nTB0xnxtjLC6mU83xYeuklYRMlNj3AD5WqP/0ZOInPUECgYEA/bfU0omwfdPLefa6\nG5zY9zJ0kw/pxBtG+JDI9Ya8GaDixM+NJiUWNN8BQ4Dkm7e+s4cFeNAjYELNhrn4\nbuI7TL3L7VhWo20R7c/yR8C97T8XkcPCs45gOP6yMUTkNd7xL66429JAxMjKzws9\n572mzXzaGhnDFY36Ar+OOPqj5IcCgYEA+WrycEBJ+eT3uvu7PbIkM83E88IW4bB1\n8PPM6WhME13tdI3W5juIj7LBfCnmHSD8mvUDhUyWJFEXoNpLuq+r+/y1OJJePOcS\nIhF3e2AiHExrC32cXFP4UsbRFanOr+uY8UVOsyTLDZ0wQcURFh59xf+lKbdH7E18\nwWaNHuVeYL0CgYBijrCbgGUQ298k55Tv+QPHMtBZ+EqEpVvyXrvRtJ8JDZhJf56C\n/NEdhKtG/6DOZJgtwPt9LM0xLYINHdzFphgG/YtkDXbKUSovySGCgfrFWEbdlr/h\nZCM4wKeTwAEudAYY0bR5n7kNODqgJuvLQ76yABfxH6TKkLZXrvWeaK6VrQKBgQDb\nIqeXECTutckiM4GzFwzPpv5f3CsWZ194L/vdJpGQgnnaabRh2/SDrF5qpLVU6mKG\nErbhKwTPK6BC5wiaITZN0x21coPxpmM8I3SCpVfS3SE/m0EBrZUDxUJ2chbyYWCi\num4G31C3yV9Yqbf1YxzGFXIbULiUWRA/K8bZWlStUQKBgQDswZYVE+9GVOjEb8i1\nMIVOdMeRzB4T7lbFq9Rx/ahQ8lVVWAog8h0Yyvp0vgrhmoxeRhRn5YoCAmkSgCip\nRo+4lZ8AqXyUdd1FJ+0LztS+BrZ5As1VTeWg1EWsIrIdFKE9KLgsbjZ/Gry2z9lv\nmv8A0qxnaHbuibfkqHxTlCN4RQ==\n-----END PRIVATE KEY-----\n",
            "public_key_fingerprint_md5": "31:90:1e:f1:9a:10:ed:cd:a3:46:d5:01:ae:9a:74:19",
            "public_key_fingerprint_sha256": "SHA256:BN6yVO4UZwMHA62dtLdc1Bj01EUn+Q+r4FwutzIdEZU",
            "public_key_openssh": "ssh-rsa AAAAB3NzaC1yc2EAAAADAQABAAABAQD3Mcxl7m0WBzx6ihoyQwRYFukDXxq69oQhb8+V8fCcY4i2+VEzZUk1NHYLG0r62Fo8YrwkskS64gKJvNB3rAGx7H3eCLrJfbTcfmdCdZfyK07aCBmJU8gNsLqRBwB8pjgJefqR37eWDJdADITN4l7RanD/qjsuYI914PavShzqOW7zClRUqzF6bEkNUFU914s8gkrzJFHnUJORgr+T8Utmtm8M1FT2trA9DWtV98nng16pOQGuwYnhN+PYmEUB37Dkwt4cAXyehphnIH7DyOfVk5vzgFf+3ls267cPi1jbDP7ga2Ny8PJD6alDnGb8XwpsjzdpJm6034a/JHstRFer\n",
            "public_key_pem": "-----BEGIN PUBLIC KEY-----\nMIIBIjANBgkqhkiG9w0BAQEFAAOCAQ8AMIIBCgKCAQEA9zHMZe5tFgc8eooaMkME\nWBbpA18auvaEIW/PlfHwnGOItvlRM2VJNTR2CxtK+thaPGK8JLJEuuICibzQd6wB\nsex93gi6yX203H5nQnWX8itO2ggZiVPIDbC6kQcAfKY4CXn6kd+3lgyXQAyEzeJe\n0Wpw/6o7LmCPdeD2r0oc6jlu8wpUVKsxemxJDVBVPdeLPIJK8yRR51CTkYK/k/FL\nZrZvDNRU9rawPQ1rVffJ54NeqTkBrsGJ4Tfj2JhFAd+w5MLeHAF8noaYZyB+w8jn\n1ZOb84BX/t5bNuu3D4tY2wz+4GtjcvDyQ+mpQ5xm/F8KbI83aSZutN+GvyR7LURX\nqwIDAQAB\n-----END PUBLIC KEY-----\n",
            "rsa_bits": 2048
          },
          "sensitive_attributes": [
            [
              {
                "type": "get_attr",
                "value": "private_key_pem"
              }
            ],
            [
              {
                "type": "get_attr",
                "value": "private_key_pem_pkcs8"
              }
            ],
            [
              {
                "type": "get_attr",
                "value": "private_key_openssh"
              }
            ]
          ]
        }
      ]
    }
  ],
  "check_results": null
}
